
Microsoft Visual Studio Solution File, Format Version 12.00
# Visual Studio Version 16
VisualStudioVersion = 16.0.30907.101
MinimumVisualStudioVersion = 10.0.40219.1
Project("{FAE04EC0-301F-11D3-BF4B-00C04F79EFBC}") = "StockView", "StockView\StockView.csproj", "{BF9C7BF1-760C-4F79-A154-147B49F79A9C}"
EndProject
Project("{FAE04EC0-301F-11D3-BF4B-00C04F79EFBC}") = "StockViewTests", "StockViewTests\StockViewTests.csproj", "{4B3BDDB8-FBA6-4125-9E23-21DB255A1282}"
EndProject
Global
	GlobalSection(SolutionConfigurationPlatforms) = preSolution
		Debug|Any CPU = Debug|Any CPU
		Release|Any CPU = Release|Any CPU
	EndGlobalSection
	GlobalSection(ProjectConfigurationPlatforms) = postSolution
		{BF9C7BF1-760C-4F79-A154-147B49F79A9C}.Debug|Any CPU.ActiveCfg = Debug|Any CPU
		{BF9C7BF1-760C-4F79-A154-147B49F79A9C}.Debug|Any CPU.Build.0 = Debug|Any CPU
		{BF9C7BF1-760C-4F79-A154-147B49F79A9C}.Release|Any CPU.ActiveCfg = Release|Any CPU
		{BF9C7BF1-760C-4F79-A154-147B49F79A9C}.Release|Any CPU.Build.0 = Release|Any CPU
		{4B3BDDB8-FBA6-4125-9E23-21DB255A1282}.Debug|Any CPU.ActiveCfg = Debug|Any CPU
		{4B3BDDB8-FBA6-4125-9E23-21DB255A1282}.Debug|Any CPU.Build.0 = Debug|Any CPU
		{4B3BDDB8-FBA6-4125-9E23-21DB255A1282}.Release|Any CPU.ActiveCfg = Release|Any CPU
		{4B3BDDB8-FBA6-4125-9E23-21DB255A1282}.Release|Any CPU.Build.0 = Release|Any CPU
	EndGlobalSection
	GlobalSection(SolutionProperties) = preSolution
		HideSolutionNode = FALSE
	EndGlobalSection
	GlobalSection(ExtensibilityGlobals) = postSolution
		SolutionGuid = {68E9365F-7612-4444-B6FD-A8D820590E12}
	EndGlobalSection
EndGlobal
